// !$*UTF8*$!
{
	archiveVersion = 1;
	classes = {
	};
	objectVersion = 50;
	objects = {

/* Begin PBXBuildFile section */
		B027561323DA9FE800FA2D1B /* AppDelegate.swift in Sources */ = {isa = PBXBuildFile; fileRef = B027561223DA9FE800FA2D1B /* AppDelegate.swift */; };
		B027561523DA9FE800FA2D1B /* ViewController.swift in Sources */ = {isa = PBXBuildFile; fileRef = B027561423DA9FE800FA2D1B /* ViewController.swift */; };
		B027561823DA9FE800FA2D1B /* Main.storyboard in Resources */ = {isa = PBXBuildFile; fileRef = B027561623DA9FE800FA2D1B /* Main.storyboard */; };
		B027561A23DA9FF200FA2D1B /* Assets.xcassets in Resources */ = {isa = PBXBuildFile; fileRef = B027561923DA9FF200FA2D1B /* Assets.xcassets */; };
		B027561D23DA9FF200FA2D1B /* LaunchScreen.storyboard in Resources */ = {isa = PBXBuildFile; fileRef = B027561B23DA9FF200FA2D1B /* LaunchScreen.storyboard */; };
		B027562823DA9FF200FA2D1B /* TipCalculatorTests.swift in Sources */ = {isa = PBXBuildFile; fileRef = B027562723DA9FF200FA2D1B /* TipCalculatorTests.swift */; };
		B027563323DA9FF200FA2D1B /* TipCalculatorUITests.swift in Sources */ = {isa = PBXBuildFile; fileRef = B027563223DA9FF200FA2D1B /* TipCalculatorUITests.swift */; };
/* End PBXBuildFile section */

/* Begin PBXContainerItemProxy section */
		B027562423DA9FF200FA2D1B /* PBXContainerItemProxy */ = {
			isa = PBXContainerItemProxy;
			containerPortal = B027560723DA9FE700FA2D1B /* Project object */;
			proxyType = 1;
			remoteGlobalIDString = B027560E23DA9FE800FA2D1B;
			remoteInfo = TipCalculator;
		};
		B027562F23DA9FF200FA2D1B /* PBXContainerItemProxy */ = {
			isa = PBXContainerItemProxy;
			containerPortal = B027560723DA9FE700FA2D1B /* Project object */;
			proxyType = 1;
			remoteGlobalIDString = B027560E23DA9FE800FA2D1B;
			remoteInfo = TipCalculator;
		};
/* End PBXContainerItemProxy section */

/* Begin PBXFileReference section */
		B027560F23DA9FE800FA2D1B /* TipCalculator.app */ = {isa = PBXFileReference; explicitFileType = wrapper.application; includeInIndex = 0; path = TipCalculator.app; sourceTree = BUILT_PRODUCTS_DIR; };
		B027561223DA9FE800FA2D1B /* AppDelegate.swift */ = {isa = PBXFileReference; lastKnownFileType = sourcecode.swift; path = AppDelegate.swift; sourceTree = "<group>"; };
		B027561423DA9FE800FA2D1B /* ViewController.swift */ = {isa = PBXFileReference; lastKnownFileType = sourcecode.swift; path = ViewController.swift; sourceTree = "<group>"; };
		B027561723DA9FE800FA2D1B /* Base */ = {isa = PBXFileReference; lastKnownFileType = file.storyboard; name = Base; path = Base.lproj/Main.storyboard; sourceTree = "<group>"; };
		B027561923DA9FF200FA2D1B /* Assets.xcassets */ = {isa = PBXFileReference; lastKnownFileType = folder.assetcatalog; path = Assets.xcassets; sourceTree = "<group>"; };
		B027561C23DA9FF200FA2D1B /* Base */ = {isa = PBXFileReference; lastKnownFileType = file.storyboard; name = Base; path = Base.lproj/LaunchScreen.storyboard; sourceTree = "<group>"; };
		B027561E23DA9FF200FA2D1B /* Info.plist */ = {isa = PBXFileReference; lastKnownFileType = text.plist.xml; path = Info.plist; sourceTree = "<group>"; };
		B027562323DA9FF200FA2D1B /* TipCalculatorTests.xctest */ = {isa = PBXFileReference; explicitFileType = wrapper.cfbundle; includeInIndex = 0; path = TipCalculatorTests.xctest; sourceTree = BUILT_PRODUCTS_DIR; };
		B027562723DA9FF200FA2D1B /* TipCalculatorTests.swift */ = {isa = PBXFileReference; lastKnownFileType = sourcecode.swift; path = TipCalculatorTests.swift; sourceTree = "<group>"; };
		B027562923DA9FF200FA2D1B /* Info.plist */ = {isa = PBXFileReference; lastKnownFileType = text.plist.xml; path = Info.plist; sourceTree = "<group>"; };
		B027562E23DA9FF200FA2D1B /* TipCalculatorUITests.xctest */ = {isa = PBXFileReference; explicitFileType = wrapper.cfbundle; includeInIndex = 0; path = TipCalculatorUITests.xctest; sourceTree = BUILT_PRODUCTS_DIR; };
		B027563223DA9FF200FA2D1B /* TipCalculatorUITests.swift */ = {isa = PBXFileReference; lastKnownFileType = sourcecode.swift; path = TipCalculatorUITests.swift; sourceTree = "<group>"; };
		B027563423DA9FF200FA2D1B /* Info.plist */ = {isa = PBXFileReference; lastKnownFileType = text.plist.xml; path = Info.plist; sourceTree = "<group>"; };
/* End PBXFileReference section */

/* Begin PBXFrameworksBuildPhase section */
		B027560C23DA9FE800FA2D1B /* Frameworks */ = {
			isa = PBXFrameworksBuildPhase;
			buildActionMask = 2147483647;
			files = (
			);
			runOnlyForDeploymentPostprocessing = 0;
		};
		B027562023DA9FF200FA2D1B /* Frameworks */ = {
			isa = PBXFrameworksBuildPhase;
			buildActionMask = 2147483647;
			files = (
			);
			runOnlyForDeploymentPostprocessing = 0;
		};
		B027562B23DA9FF200FA2D1B /* Frameworks */ = {
			isa = PBXFrameworksBuildPhase;
			buildActionMask = 2147483647;
			files = (
			);
			runOnlyForDeploymentPostprocessing = 0;
		};
/* End PBXFrameworksBuildPhase section */

/* Begin PBXGroup section */
		B027560623DA9FE700FA2D1B = {
			isa = PBXGroup;
			children = (
				B027561123DA9FE800FA2D1B /* TipCalculator */,
				B027562623DA9FF200FA2D1B /* TipCalculatorTests */,
				B027563123DA9FF200FA2D1B /* TipCalculatorUITests */,
				B027561023DA9FE800FA2D1B /* Products */,
			);
			sourceTree = "<group>";
		};
		B027561023DA9FE800FA2D1B /* Products */ = {
			isa = PBXGroup;
			children = (
				B027560F23DA9FE800FA2D1B /* TipCalculator.app */,
				B027562323DA9FF200FA2D1B /* TipCalculatorTests.xctest */,
				B027562E23DA9FF200FA2D1B /* TipCalculatorUITests.xctest */,
			);
			name = Products;
			sourceTree = "<group>";
		};
		B027561123DA9FE800FA2D1B /* TipCalculator */ = {
			isa = PBXGroup;
			children = (
				B027561223DA9FE800FA2D1B /* AppDelegate.swift */,
				B027561423DA9FE800FA2D1B /* ViewController.swift */,
				B027561623DA9FE800FA2D1B /* Main.storyboard */,
				B027561923DA9FF200FA2D1B /* Assets.xcassets */,
				B027561B23DA9FF200FA2D1B /* LaunchScreen.storyboard */,
				B027561E23DA9FF200FA2D1B /* Info.plist */,
			);
			path = TipCalculator;
			sourceTree = "<group>";
		};
		B027562623DA9FF200FA2D1B /* TipCalculatorTests */ = {
			isa = PBXGroup;
			children = (
				B027562723DA9FF200FA2D1B /* TipCalculatorTests.swift */,
				B027562923DA9FF200FA2D1B /* Info.plist */,
			);
			path = TipCalculatorTests;
			sourceTree = "<group>";
		};
		B027563123DA9FF200FA2D1B /* TipCalculatorUITests */ = {
			isa = PBXGroup;
			children = (
				B027563223DA9FF200FA2D1B /* TipCalculatorUITests.swift */,
				B027563423DA9FF200FA2D1B /* Info.plist */,
			);
			path = TipCalculatorUITests;
			sourceTree = "<group>";
		};
/* End PBXGroup section */

/* Begin PBXNativeTarget section */
		B027560E23DA9FE800FA2D1B /* TipCalculator */ = {
			isa = PBXNativeTarget;
			buildConfigurationList = B027563723DA9FF200FA2D1B /* Build configuration list for PBXNativeTarget "TipCalculator" */;
			buildPhases = (
				B027560B23DA9FE800FA2D1B /* Sources */,
				B027560C23DA9FE800FA2D1B /* Frameworks */,
				B027560D23DA9FE800FA2D1B /* Resources */,
			);
			buildRules = (
			);
			dependencies = (
			);
			name = TipCalculator;
			productName = TipCalculator;
			productReference = B027560F23DA9FE800FA2D1B /* TipCalculator.app */;
			productType = "com.apple.product-type.application";
		};
		B027562223DA9FF200FA2D1B /* TipCalculatorTests */ = {
			isa = PBXNativeTarget;
			buildConfigurationList = B027563A23DA9FF200FA2D1B /* Build configuration list for PBXNativeTarget "TipCalculatorTests" */;
			buildPhases = (
				B027561F23DA9FF200FA2D1B /* Sources */,
				B027562023DA9FF200FA2D1B /* Frameworks */,
				B027562123DA9FF200FA2D1B /* Resources */,
			);
			buildRules = (
			);
			dependencies = (
				B027562523DA9FF200FA2D1B /* PBXTargetDependency */,
			);
			name = TipCalculatorTests;
			productName = TipCalculatorTests;
			productReference = B027562323DA9FF200FA2D1B /* TipCalculatorTests.xctest */;
			productType = "com.apple.product-type.bundle.unit-test";
		};
		B027562D23DA9FF200FA2D1B /* TipCalculatorUITests */ = {
			isa = PBXNativeTarget;
			buildConfigurationList = B027563D23DA9FF200FA2D1B /* Build configuration list for PBXNativeTarget "TipCalculatorUITests" */;
			buildPhases = (
				B027562A23DA9FF200FA2D1B /* Sources */,
				B027562B23DA9FF200FA2D1B /* Frameworks */,
				B027562C23DA9FF200FA2D1B /* Resources */,
			);
			buildRules = (
			);
			dependencies = (
				B027563023DA9FF200FA2D1B /* PBXTargetDependency */,
			);
			name = TipCalculatorUITests;
			productName = TipCalculatorUITests;
			productReference = B027562E23DA9FF200FA2D1B /* TipCalculatorUITests.xctest */;
			productType = "com.apple.product-type.bundle.ui-testing";
		};
/* End PBXNativeTarget section */

/* Begin PBXProject section */
		B027560723DA9FE700FA2D1B /* Project object */ = {
			isa = PBXProject;
			attributes = {
				LastSwiftUpdateCheck = 1010;
				LastUpgradeCheck = 1010;
				ORGANIZATIONNAME = "JESUS OCEGUERA-PENA";
				TargetAttributes = {
					B027560E23DA9FE800FA2D1B = {
						CreatedOnToolsVersion = 10.1;
					};
					B027562223DA9FF200FA2D1B = {
						CreatedOnToolsVersion = 10.1;
						TestTargetID = B027560E23DA9FE800FA2D1B;
					};
					B027562D23DA9FF200FA2D1B = {
						CreatedOnToolsVersion = 10.1;
						TestTargetID = B027560E23DA9FE800FA2D1B;
					};
				};
			};
			buildConfigurationList = B027560A23DA9FE700FA2D1B /* Build configuration list for PBXProject "TipCalculator" */;
			compatibilityVersion = "Xcode 9.3";
			developmentRegion = en;
			hasScannedForEncodings = 0;
			knownRegions = (
				en,
				Base,
			);
			mainGroup = B027560623DA9FE700FA2D1B;
			productRefGroup = B027561023DA9FE800FA2D1B /* Products */;
			projectDirPath = "";
			projectRoot = "";
			targets = (
				B027560E23DA9FE800FA2D1B /* TipCalculator */,
				B027562223DA9FF200FA2D1B /* TipCalculatorTests */,
				B027562D23DA9FF200FA2D1B /* TipCalculatorUITests */,
			);
		};
/* End PBXProject section */

/* Begin PBXResourcesBuildPhase section */
		B027560D23DA9FE800FA2D1B /* Resources */ = {
			isa = PBXResourcesBuildPhase;
			buildActionMask = 2147483647;
			files = (
				B027561D23DA9FF200FA2D1B /* LaunchScreen.storyboard in Resources */,
				B027561A23DA9FF200FA2D1B /* Assets.xcassets in Resources */,
				B027561823DA9FE800FA2D1B /* Main.storyboard in Resources */,
			);
			runOnlyForDeploymentPostprocessing = 0;
		};
		B027562123DA9FF200FA2D1B /* Resources */ = {
			isa = PBXResourcesBuildPhase;
			buildActionMask = 2147483647;
			files = (
			);
			runOnlyForDeploymentPostprocessing = 0;
		};
		B027562C23DA9FF200FA2D1B /* Resources */ = {
			isa = PBXResourcesBuildPhase;
			buildActionMask = 2147483647;
			files = (
			);
			runOnlyForDeploymentPostprocessing = 0;
		};
/* End PBXResourcesBuildPhase section */

/* Begin PBXSourcesBuildPhase section */
		B027560B23DA9FE800FA2D1B /* Sources */ = {
			isa = PBXSourcesBuildPhase;
			buildActionMask = 2147483647;
			files = (
				B027561523DA9FE800FA2D1B /* ViewController.swift in Sources */,
				B027561323DA9FE800FA2D1B /* AppDelegate.swift in Sources */,
			);
			runOnlyForDeploymentPostprocessing = 0;
		};
		B027561F23DA9FF200FA2D1B /* Sources */ = {
			isa = PBXSourcesBuildPhase;
			buildActionMask = 2147483647;
			files = (
				B027562823DA9FF200FA2D1B /* TipCalculatorTests.swift in Sources */,
			);
			runOnlyForDeploymentPostprocessing = 0;
		};
		B027562A23DA9FF200FA2D1B /* Sources */ = {
			isa = PBXSourcesBuildPhase;
			buildActionMask = 2147483647;
			files = (
				B027563323DA9FF200FA2D1B /* TipCalculatorUITests.swift in Sources */,
			);
			runOnlyForDeploymentPostprocessing = 0;
		};
/* End PBXSourcesBuildPhase section */

/* Begin PBXTargetDependency section */
		B027562523DA9FF200FA2D1B /* PBXTargetDependency */ = {
			isa = PBXTargetDependency;
			target = B027560E23DA9FE800FA2D1B /* TipCalculator */;
			targetProxy = B027562423DA9FF200FA2D1B /* PBXContainerItemProxy */;
		};
		B027563023DA9FF200FA2D1B /* PBXTargetDependency */ = {
			isa = PBXTargetDependency;
			target = B027560E23DA9FE800FA2D1B /* TipCalculator */;
			targetProxy = B027562F23DA9FF200FA2D1B /* PBXContainerItemProxy */;
		};
/* End PBXTargetDependency section */

/* Begin PBXVariantGroup section */
		B027561623DA9FE800FA2D1B /* Main.storyboard */ = {
			isa = PBXVariantGroup;
			children = (
				B027561723DA9FE800FA2D1B /* Base */,
			);
			name = Main.storyboard;
			sourceTree = "<group>";
		};
		B027561B23DA9FF200FA2D1B /* LaunchScreen.storyboard */ = {
			isa = PBXVariantGroup;
			children = (
				B027561C23DA9FF200FA2D1B /* Base */,
			);
			name = LaunchScreen.storyboard;
			sourceTree = "<group>";
		};
/* End PBXVariantGroup section */

/* Begin XCBuildConfiguration section */
		B027563523DA9FF200FA2D1B /* Debug */ = {
			isa = XCBuildConfiguration;
			buildSettings = {
				ALWAYS_SEARCH_USER_PATHS = NO;
				CLANG_ANALYZER_NONNULL = YES;
				CLANG_ANALYZER_NUMBER_OBJECT_CONVERSION = YES_AGGRESSIVE;
				CLANG_CXX_LANGUAGE_STANDARD = "gnu++14";
				CLANG_CXX_LIBRARY = "libc++";
				CLANG_ENABLE_MODULES = YES;
				CLANG_ENABLE_OBJC_ARC = YES;
				CLANG_ENABLE_OBJC_WEAK = YES;
				CLANG_WARN_BLOCK_CAPTURE_AUTORELEASING = YES;
				CLANG_WARN_BOOL_CONVERSION = YES;
				CLANG_WARN_COMMA = YES;
				CLANG_WARN_CONSTANT_CONVERSION = YES;
				CLANG_WARN_DEPRECATED_OBJC_IMPLEMENTATIONS = YES;
				CLANG_WARN_DIRECT_OBJC_ISA_USAGE = YES_ERROR;
				CLANG_WARN_DOCUMENTATION_COMMENTS = YES;
				CLANG_WARN_EMPTY_BODY = YES;
				CLANG_WARN_ENUM_CONVERSION = YES;
				CLANG_WARN_INFINITE_RECURSION = YES;
				CLANG_WARN_INT_CONVERSION = YES;
				CLANG_WARN_NON_LITERAL_NULL_CONVERSION = YES;
				CLANG_WARN_OBJC_IMPLICIT_RETAIN_SELF = YES;
				CLANG_WARN_OBJC_LITERAL_CONVERSION = YES;
				CLANG_WARN_OBJC_ROOT_CLASS = YES_ERROR;
				CLANG_WARN_RANGE_LOOP_ANALYSIS = YES;
				CLANG_WARN_STRICT_PROTOTYPES = YES;
				CLANG_WARN_SUSPICIOUS_MOVE = YES;
				CLANG_WARN_UNGUARDED_AVAILABILITY = YES_AGGRESSIVE;
				CLANG_WARN_UNREACHABLE_CODE = YES;
				CLANG_WARN__DUPLICATE_METHOD_MATCH = YES;
				CODE_SIGN_IDENTITY = "iPhone Developer";
				COPY_PHASE_STRIP = NO;
				DEBUG_INFORMATION_FORMAT = dwarf;
				ENABLE_STRICT_OBJC_MSGSEND = YES;
				ENABLE_TESTABILITY = YES;
				GCC_C_LANGUAGE_STANDARD = gnu11;
				GCC_DYNAMIC_NO_PIC = NO;
				GCC_NO_COMMON_BLOCKS = YES;
				GCC_OPTIMIZATION_LEVEL = 0;
				GCC_PREPROCESSOR_DEFINITIONS = (
					"DEBUG=1",
					"$(inherited)",
				);
				GCC_WARN_64_TO_32_BIT_CONVERSION = YES;
				GCC_WARN_ABOUT_RETURN_TYPE = YES_ERROR;
				GCC_WARN_UNDECLARED_SELECTOR = YES;
				GCC_WARN_UNINITIALIZED_AUTOS = YES_AGGRESSIVE;
				GCC_WARN_UNUSED_FUNCTION = YES;
				GCC_WARN_UNUSED_VARIABLE = YES;
				IPHONEOS_DEPLOYMENT_TARGET = 12.1;
				MTL_ENABLE_DEBUG_INFO = INCLUDE_SOURCE;
				MTL_FAST_MATH = YES;
				ONLY_ACTIVE_ARCH = YES;
				SDKROOT = iphoneos;
				SWIFT_ACTIVE_COMPILATION_CONDITIONS = DEBUG;
				SWIFT_OPTIMIZATION_LEVEL = "-Onone";
			};
			name = Debug;
		};
		B027563623DA9FF200FA2D1B /* Release */ = {
			isa = XCBuildConfiguration;
			buildSettings = {
				ALWAYS_SEARCH_USER_PATHS = NO;
				CLANG_ANALYZER_NONNULL = YES;
				CLANG_ANALYZER_NUMBER_OBJECT_CONVERSION = YES_AGGRESSIVE;
				CLANG_CXX_LANGUAGE_STANDARD = "gnu++14";
				CLANG_CXX_LIBRARY = "libc++";
				CLANG_ENABLE_MODULES = YES;
				CLANG_ENABLE_OBJC_ARC = YES;
				CLANG_ENABLE_OBJC_WEAK = YES;
				CLANG_WARN_BLOCK_CAPTURE_AUTORELEASING = YES;
				CLANG_WARN_BOOL_CONVERSION = YES;
				CLANG_WARN_COMMA = YES;
				CLANG_WARN_CONSTANT_CONVERSION = YES;
				CLANG_WARN_DEPRECATED_OBJC_IMPLEMENTATIONS = YES;
				CLANG_WARN_DIRECT_OBJC_ISA_USAGE = YES_ERROR;
				CLANG_WARN_DOCUMENTATION_COMMENTS = YES;
				CLANG_WARN_EMPTY_BODY = YES;
				CLANG_WARN_ENUM_CONVERSION = YES;
				CLANG_WARN_INFINITE_RECURSION = YES;
				CLANG_WARN_INT_CONVERSION = YES;
				CLANG_WARN_NON_LITERAL_NULL_CONVERSION = YES;
				CLANG_WARN_OBJC_IMPLICIT_RETAIN_SELF = YES;
				CLANG_WARN_OBJC_LITERAL_CONVERSION = YES;
				CLANG_WARN_OBJC_ROOT_CLASS = YES_ERROR;
				CLANG_WARN_RANGE_LOOP_ANALYSIS = YES;
				CLANG_WARN_STRICT_PROTOTYPES = YES;
				CLANG_WARN_SUSPICIOUS_MOVE = YES;
				CLANG_WARN_UNGUARDED_AVAILABILITY = YES_AGGRESSIVE;
				CLANG_WARN_UNREACHABLE_CODE = YES;
				CLANG_WARN__DUPLICATE_METHOD_MATCH = YES;
				CODE_SIGN_IDENTITY = "iPhone Developer";
				COPY_PHASE_STRIP = NO;
				DEBUG_INFORMATION_FORMAT = "dwarf-with-dsym";
				ENABLE_NS_ASSERTIONS = NO;
				ENABLE_STRICT_OBJC_MSGSEND = YES;
				GCC_C_LANGUAGE_STANDARD = gnu11;
				GCC_NO_COMMON_BLOCKS = YES;
				GCC_WARN_64_TO_32_BIT_CONVERSION = YES;
				GCC_WARN_ABOUT_RETURN_TYPE = YES_ERROR;
				GCC_WARN_UNDECLARED_SELECTOR = YES;
				GCC_WARN_UNINITIALIZED_AUTOS = YES_AGGRESSIVE;
				GCC_WARN_UNUSED_FUNCTION = YES;
				GCC_WARN_UNUSED_VARIABLE = YES;
				IPHONEOS_DEPLOYMENT_TARGET = 12.1;
				MTL_ENABLE_DEBUG_INFO = NO;
				MTL_FAST_MATH = YES;
				SDKROOT = iphoneos;
				SWIFT_COMPILATION_MODE = wholemodule;
				SWIFT_OPTIMIZATION_LEVEL = "-O";
				VALIDATE_PRODUCT = YES;
			};
			name = Release;
		};
		B027563823DA9FF200FA2D1B /* Debug */ = {
			isa = XCBuildConfiguration;
			buildSettings = {
				ASSETCATALOG_COMPILER_APPICON_NAME = AppIcon;
				CODE_SIGN_STYLE = Automatic;
				INFOPLIST_FILE = TipCalculator/Info.plist;
				LD_RUNPATH_SEARCH_PATHS = (
					"$(inherited)",
					"@executable_path/Frameworks",
				);
				PRODUCT_BUNDLE_IDENTIFIER = com.JesusO.TipCalculator;
				PRODUCT_NAME = "$(TARGET_NAME)";
				SWIFT_VERSION = 4.2;
				TARGETED_DEVICE_FAMILY = "1,2";
			};
			name = Debug;
		};
		B027563923DA9FF200FA2D1B /* Release */ = {
			isa = XCBuildConfiguration;
			buildSettings = {
				ASSETCATALOG_COMPILER_APPICON_NAME = AppIcon;
				CODE_SIGN_STYLE = Automatic;
				INFOPLIST_FILE = TipCalculator/Info.plist;
				LD_RUNPATH_SEARCH_PATHS = (
					"$(inherited)",
					"@executable_path/Frameworks",
				);
				PRODUCT_BUNDLE_IDENTIFIER = com.JesusO.TipCalculator;
				PRODUCT_NAME = "$(TARGET_NAME)";
				SWIFT_VERSION = 4.2;
				TARGETED_DEVICE_FAMILY = "1,2";
			};
			name = Release;
		};
		B027563B23DA9FF200FA2D1B /* Debug */ = {
			isa = XCBuildConfiguration;
			buildSettings = {
				ALWAYS_EMBED_SWIFT_STANDARD_LIBRARIES = YES;
				BUNDLE_LOADER = "$(TEST_HOST)";
				CODE_SIGN_STYLE = Automatic;
				INFOPLIST_FILE = TipCalculatorTests/Info.plist;
				LD_RUNPATH_SEARCH_PATHS = (
					"$(inherited)",
					"@executable_path/Frameworks",
					"@loader_path/Frameworks",
				);
				PRODUCT_BUNDLE_IDENTIFIER = com.JesusO.TipCalculatorTests;
				PRODUCT_NAME = "$(TARGET_NAME)";
				SWIFT_VERSION = 4.2;
				TARGETED_DEVICE_FAMILY = "1,2";
				TEST_HOST = "$(BUILT_PRODUCTS_DIR)/TipCalculator.app/TipCalculator";
			};
			name = Debug;
		};
		B027563C23DA9FF200FA2D1B /* Release */ = {
			isa = XCBuildConfiguration;
			buildSettings = {
				ALWAYS_EMBED_SWIFT_STANDARD_LIBRARIES = YES;
				BUNDLE_LOADER = "$(TEST_HOST)";
				CODE_SIGN_STYLE = Automatic;
				INFOPLIST_FILE = TipCalculatorTests/Info.plist;
				LD_RUNPATH_SEARCH_PATHS = (
					"$(inherited)",
					"@executable_path/Frameworks",
					"@loader_path/Frameworks",
				);
				PRODUCT_BUNDLE_IDENTIFIER = com.JesusO.TipCalculatorTests;
				PRODUCT_NAME = "$(TARGET_NAME)";
				SWIFT_VERSION = 4.2;
				TARGETED_DEVICE_FAMILY = "1,2";
				TEST_HOST = "$(BUILT_PRODUCTS_DIR)/TipCalculator.app/TipCalculator";
			};
			name = Release;
		};
		B027563E23DA9FF200FA2D1B /* Debug */ = {
			isa = XCBuildConfiguration;
			buildSettings = {
				ALWAYS_EMBED_SWIFT_STANDARD_LIBRARIES = YES;
				CODE_SIGN_STYLE = Automatic;
				INFOPLIST_FILE = TipCalculatorUITests/Info.plist;
				LD_RUNPATH_SEARCH_PATHS = (
					"$(inherited)",
					"@executable_path/Frameworks",
					"@loader_path/Frameworks",
				);
				PRODUCT_BUNDLE_IDENTIFIER = com.JesusO.TipCalculatorUITests;
				PRODUCT_NAME = "$(TARGET_NAME)";
				SWIFT_VERSION = 4.2;
				TARGETED_DEVICE_FAMILY = "1,2";
				TEST_TARGET_NAME = TipCalculator;
			};
			name = Debug;
		};
		B027563F23DA9FF200FA2D1B /* Release */ = {
			isa = XCBuildConfiguration;
			buildSettings = {
				ALWAYS_EMBED_SWIFT_STANDARD_LIBRARIES = YES;
				CODE_SIGN_STYLE = Automatic;
				INFOPLIST_FILE = TipCalculatorUITests/Info.plist;
				LD_RUNPATH_SEARCH_PATHS = (
					"$(inherited)",
					"@executable_path/Frameworks",
					"@loader_path/Frameworks",
				);
				PRODUCT_BUNDLE_IDENTIFIER = com.JesusO.TipCalculatorUITests;
				PRODUCT_NAME = "$(TARGET_NAME)";
				SWIFT_VERSION = 4.2;
				TARGETED_DEVICE_FAMILY = "1,2";
				TEST_TARGET_NAME = TipCalculator;
			};
			name = Release;
		};
/* End XCBuildConfiguration section */

/* Begin XCConfigurationList section */
		B027560A23DA9FE700FA2D1B /* Build configuration list for PBXProject "TipCalculator" */ = {
			isa = XCConfigurationList;
			buildConfigurations = (
				B027563523DA9FF200FA2D1B /* Debug */,
				B027563623DA9FF200FA2D1B /* Release */,
			);
			defaultConfigurationIsVisible = 0;
			defaultConfigurationName = Release;
		};
		B027563723DA9FF200FA2D1B /* Build configuration list for PBXNativeTarget "TipCalculator" */ = {
			isa = XCConfigurationList;
			buildConfigurations = (
				B027563823DA9FF200FA2D1B /* Debug */,
				B027563923DA9FF200FA2D1B /* Release */,
			);
			defaultConfigurationIsVisible = 0;
			defaultConfigurationName = Release;
		};
		B027563A23DA9FF200FA2D1B /* Build configuration list for PBXNativeTarget "TipCalculatorTests" */ = {
			isa = XCConfigurationList;
			buildConfigurations = (
				B027563B23DA9FF200FA2D1B /* Debug */,
				B027563C23DA9FF200FA2D1B /* Release */,
			);
			defaultConfigurationIsVisible = 0;
			defaultConfigurationName = Release;
		};
		B027563D23DA9FF200FA2D1B /* Build configuration list for PBXNativeTarget "TipCalculatorUITests" */ = {
			isa = XCConfigurationList;
			buildConfigurations = (
				B027563E23DA9FF200FA2D1B /* Debug */,
				B027563F23DA9FF200FA2D1B /* Release */,
			);
			defaultConfigurationIsVisible = 0;
			defaultConfigurationName = Release;
		};
/* End XCConfigurationList section */
	};
	rootObject = B027560723DA9FE700FA2D1B /* Project object */;
}
